
Microsoft Visual Studio Solution File, Format Version 12.00
# Visual Studio Version 17
VisualStudioVersion = 17.7.34221.43
MinimumVisualStudioVersion = 10.0.40219.1
Project("{8BC9CEB8-8B4A-11D0-8D11-00A0C91BC942}") = "ElevatorSystem", "ElevatorSystem.vcxproj", "{FCA5CD94-B5CC-42B1-952C-0CEB528BD136}"
EndProject
Global
	GlobalSection(SolutionConfigurationPlatforms) = preSolution
		Debug|x64 = Debug|x64
		Debug|x86 = Debug|x86
		Release|x64 = Release|x64
		Release|x86 = Release|x86
	EndGlobalSection
	GlobalSection(ProjectConfigurationPlatforms) = postSolution
		{FCA5CD94-B5CC-42B1-952C-0CEB528BD136}.Debug|x64.ActiveCfg = Debug|x64
		{FCA5CD94-B5CC-42B1-952C-0CEB528BD136}.Debug|x64.Build.0 = Debug|x64
		{FCA5CD94-B5CC-42B1-952C-0CEB528BD136}.Debug|x86.ActiveCfg = Debug|Win32
		{FCA5CD94-B5CC-42B1-952C-0CEB528BD136}.Debug|x86.Build.0 = Debug|Win32
		{FCA5CD94-B5CC-42B1-952C-0CEB528BD136}.Release|x64.ActiveCfg = Release|x64
		{FCA5CD94-B5CC-42B1-952C-0CEB528BD136}.Release|x64.Build.0 = Release|x64
		{FCA5CD94-B5CC-42B1-952C-0CEB528BD136}.Release|x86.ActiveCfg = Release|Win32
		{FCA5CD94-B5CC-42B1-952C-0CEB528BD136}.Release|x86.Build.0 = Release|Win32
	EndGlobalSection
	GlobalSection(SolutionProperties) = preSolution
		HideSolutionNode = FALSE
	EndGlobalSection
	GlobalSection(ExtensibilityGlobals) = postSolution
		SolutionGuid = {85F77AE6-4C50-4936-917C-7C16E7C71DDE}
	EndGlobalSection
EndGlobal
